
Microsoft Visual Studio Solution File, Format Version 12.00
# Visual Studio Version 17
VisualStudioVersion = 17.10.35027.167
MinimumVisualStudioVersion = 10.0.40219.1
Project("{FAE04EC0-301F-11D3-BF4B-00C04F79EFBC}") = "RecapProject1", "RecapProject1.csproj", "{153234F2-4C81-4639-8038-3D0B8D72BE6B}"
EndProject
Global
	GlobalSection(SolutionConfigurationPlatforms) = preSolution
		Debug|Any CPU = Debug|Any CPU
		Release|Any CPU = Release|Any CPU
	EndGlobalSection
	GlobalSection(ProjectConfigurationPlatforms) = postSolution
		{153234F2-4C81-4639-8038-3D0B8D72BE6B}.Debug|Any CPU.ActiveCfg = Debug|Any CPU
		{153234F2-4C81-4639-8038-3D0B8D72BE6B}.Debug|Any CPU.Build.0 = Debug|Any CPU
		{153234F2-4C81-4639-8038-3D0B8D72BE6B}.Release|Any CPU.ActiveCfg = Release|Any CPU
		{153234F2-4C81-4639-8038-3D0B8D72BE6B}.Release|Any CPU.Build.0 = Release|Any CPU
	EndGlobalSection
	GlobalSection(SolutionProperties) = preSolution
		HideSolutionNode = FALSE
	EndGlobalSection
	GlobalSection(ExtensibilityGlobals) = postSolution
		SolutionGuid = {EA61C865-E32B-48C6-92EC-97AF1A4394BA}
	EndGlobalSection
EndGlobal
